# This file is automatically @generated by Cargo.
# It is not intended for manual editing.
version = 4

[[package]]
name = "a5"
version = "0.6.1"
source = "registry+https://github.com/rust-lang/crates.io-index"
checksum = "d6ab1ec724347b13e6d1905c2a4a11f7c9fb6c2d11b2606d3f1d1642c698864d"
dependencies = [
 "lazy_static",
]

[[package]]
name = "a5_rust"
version = "0.1.0"
dependencies = [
 "a5",
]

[[package]]
name = "lazy_static"
version = "1.5.0"
source = "registry+https://github.com/rust-lang/crates.io-index"
checksum = "bbd2bcb4c963f2ddae06a2efc7e9f3591312473c50c6685e1f298068316e66fe"
